// !$*UTF8*$!
{
	archiveVersion = 1;
	classes = {
	};
	objectVersion = 56;
	objects = {

/* Begin PBXBuildFile section */
		D8797D492AFD61650087DB38 /* Local_NotificationsApp.swift in Sources */ = {isa = PBXBuildFile; fileRef = D8797D482AFD61650087DB38 /* Local_NotificationsApp.swift */; };
		D8797D4B2AFD61650087DB38 /* ContentView.swift in Sources */ = {isa = PBXBuildFile; fileRef = D8797D4A2AFD61650087DB38 /* ContentView.swift */; };
		D8797D4D2AFD61660087DB38 /* Assets.xcassets in Resources */ = {isa = PBXBuildFile; fileRef = D8797D4C2AFD61660087DB38 /* Assets.xcassets */; };
		D8797D502AFD61660087DB38 /* Preview Assets.xcassets in Resources */ = {isa = PBXBuildFile; fileRef = D8797D4F2AFD61660087DB38 /* Preview Assets.xcassets */; };
		D8797D562AFD61660087DB38 /* Local Notifications Watch App.app in Embed Watch Content */ = {isa = PBXBuildFile; fileRef = D8797D552AFD61660087DB38 /* Local Notifications Watch App.app */; settings = {ATTRIBUTES = (RemoveHeadersOnCopy, ); }; };
		D8797D5B2AFD61660087DB38 /* Local_NotificationsApp.swift in Sources */ = {isa = PBXBuildFile; fileRef = D8797D5A2AFD61660087DB38 /* Local_NotificationsApp.swift */; };
		D8797D5D2AFD61660087DB38 /* ContentView.swift in Sources */ = {isa = PBXBuildFile; fileRef = D8797D5C2AFD61660087DB38 /* ContentView.swift */; };
		D8797D5F2AFD61670087DB38 /* Assets.xcassets in Resources */ = {isa = PBXBuildFile; fileRef = D8797D5E2AFD61670087DB38 /* Assets.xcassets */; };
		D8797D622AFD61670087DB38 /* Preview Assets.xcassets in Resources */ = {isa = PBXBuildFile; fileRef = D8797D612AFD61670087DB38 /* Preview Assets.xcassets */; };
/* End PBXBuildFile section */

/* Begin PBXContainerItemProxy section */
		D8797D572AFD61660087DB38 /* PBXContainerItemProxy */ = {
			isa = PBXContainerItemProxy;
			containerPortal = D8797D3D2AFD61650087DB38 /* Project object */;
			proxyType = 1;
			remoteGlobalIDString = D8797D542AFD61660087DB38;
			remoteInfo = "Local Notifications Watch App";
		};
/* End PBXContainerItemProxy section */

/* Begin PBXCopyFilesBuildPhase section */
		D8797D682AFD61670087DB38 /* Embed Watch Content */ = {
			isa = PBXCopyFilesBuildPhase;
			buildActionMask = 2147483647;
			dstPath = "$(CONTENTS_FOLDER_PATH)/Watch";
			dstSubfolderSpec = 16;
			files = (
				D8797D562AFD61660087DB38 /* Local Notifications Watch App.app in Embed Watch Content */,
			);
			name = "Embed Watch Content";
			runOnlyForDeploymentPostprocessing = 0;
		};
/* End PBXCopyFilesBuildPhase section */

/* Begin PBXFileReference section */
		D8797D452AFD61650087DB38 /* Local Notifications.app */ = {isa = PBXFileReference; explicitFileType = wrapper.application; includeInIndex = 0; path = "Local Notifications.app"; sourceTree = BUILT_PRODUCTS_DIR; };
		D8797D482AFD61650087DB38 /* Local_NotificationsApp.swift */ = {isa = PBXFileReference; lastKnownFileType = sourcecode.swift; path = Local_NotificationsApp.swift; sourceTree = "<group>"; };
		D8797D4A2AFD61650087DB38 /* ContentView.swift */ = {isa = PBXFileReference; lastKnownFileType = sourcecode.swift; path = ContentView.swift; sourceTree = "<group>"; };
		D8797D4C2AFD61660087DB38 /* Assets.xcassets */ = {isa = PBXFileReference; lastKnownFileType = folder.assetcatalog; path = Assets.xcassets; sourceTree = "<group>"; };
		D8797D4F2AFD61660087DB38 /* Preview Assets.xcassets */ = {isa = PBXFileReference; lastKnownFileType = folder.assetcatalog; path = "Preview Assets.xcassets"; sourceTree = "<group>"; };
		D8797D552AFD61660087DB38 /* Local Notifications Watch App.app */ = {isa = PBXFileReference; explicitFileType = wrapper.application; includeInIndex = 0; path = "Local Notifications Watch App.app"; sourceTree = BUILT_PRODUCTS_DIR; };
		D8797D5A2AFD61660087DB38 /* Local_NotificationsApp.swift */ = {isa = PBXFileReference; lastKnownFileType = sourcecode.swift; path = Local_NotificationsApp.swift; sourceTree = "<group>"; };
		D8797D5C2AFD61660087DB38 /* ContentView.swift */ = {isa = PBXFileReference; lastKnownFileType = sourcecode.swift; path = ContentView.swift; sourceTree = "<group>"; };
		D8797D5E2AFD61670087DB38 /* Assets.xcassets */ = {isa = PBXFileReference; lastKnownFileType = folder.assetcatalog; path = Assets.xcassets; sourceTree = "<group>"; };
		D8797D612AFD61670087DB38 /* Preview Assets.xcassets */ = {isa = PBXFileReference; lastKnownFileType = folder.assetcatalog; path = "Preview Assets.xcassets"; sourceTree = "<group>"; };
/* End PBXFileReference section */

/* Begin PBXFrameworksBuildPhase section */
		D8797D422AFD61650087DB38 /* Frameworks */ = {
			isa = PBXFrameworksBuildPhase;
			buildActionMask = 2147483647;
			files = (
			);
			runOnlyForDeploymentPostprocessing = 0;
		};
		D8797D522AFD61660087DB38 /* Frameworks */ = {
			isa = PBXFrameworksBuildPhase;
			buildActionMask = 2147483647;
			files = (
			);
			runOnlyForDeploymentPostprocessing = 0;
		};
/* End PBXFrameworksBuildPhase section */

/* Begin PBXGroup section */
		D8797D3C2AFD61650087DB38 = {
			isa = PBXGroup;
			children = (
				D8797D472AFD61650087DB38 /* Local Notifications */,
				D8797D592AFD61660087DB38 /* Local Notifications Watch App */,
				D8797D462AFD61650087DB38 /* Products */,
			);
			sourceTree = "<group>";
		};
		D8797D462AFD61650087DB38 /* Products */ = {
			isa = PBXGroup;
			children = (
				D8797D452AFD61650087DB38 /* Local Notifications.app */,
				D8797D552AFD61660087DB38 /* Local Notifications Watch App.app */,
			);
			name = Products;
			sourceTree = "<group>";
		};
		D8797D472AFD61650087DB38 /* Local Notifications */ = {
			isa = PBXGroup;
			children = (
				D8797D482AFD61650087DB38 /* Local_NotificationsApp.swift */,
				D8797D4A2AFD61650087DB38 /* ContentView.swift */,
				D8797D4C2AFD61660087DB38 /* Assets.xcassets */,
				D8797D4E2AFD61660087DB38 /* Preview Content */,
			);
			path = "Local Notifications";
			sourceTree = "<group>";
		};
		D8797D4E2AFD61660087DB38 /* Preview Content */ = {
			isa = PBXGroup;
			children = (
				D8797D4F2AFD61660087DB38 /* Preview Assets.xcassets */,
			);
			path = "Preview Content";
			sourceTree = "<group>";
		};
		D8797D592AFD61660087DB38 /* Local Notifications Watch App */ = {
			isa = PBXGroup;
			children = (
				D8797D5A2AFD61660087DB38 /* Local_NotificationsApp.swift */,
				D8797D5C2AFD61660087DB38 /* ContentView.swift */,
				D8797D5E2AFD61670087DB38 /* Assets.xcassets */,
				D8797D602AFD61670087DB38 /* Preview Content */,
			);
			path = "Local Notifications Watch App";
			sourceTree = "<group>";
		};
		D8797D602AFD61670087DB38 /* Preview Content */ = {
			isa = PBXGroup;
			children = (
				D8797D612AFD61670087DB38 /* Preview Assets.xcassets */,
			);
			path = "Preview Content";
			sourceTree = "<group>";
		};
/* End PBXGroup section */

/* Begin PBXNativeTarget section */
		D8797D442AFD61650087DB38 /* Local Notifications */ = {
			isa = PBXNativeTarget;
			buildConfigurationList = D8797D692AFD61670087DB38 /* Build configuration list for PBXNativeTarget "Local Notifications" */;
			buildPhases = (
				D8797D412AFD61650087DB38 /* Sources */,
				D8797D422AFD61650087DB38 /* Frameworks */,
				D8797D432AFD61650087DB38 /* Resources */,
				D8797D682AFD61670087DB38 /* Embed Watch Content */,
			);
			buildRules = (
			);
			dependencies = (
				D8797D582AFD61660087DB38 /* PBXTargetDependency */,
			);
			name = "Local Notifications";
			productName = "Local Notifications";
			productReference = D8797D452AFD61650087DB38 /* Local Notifications.app */;
			productType = "com.apple.product-type.application";
		};
		D8797D542AFD61660087DB38 /* Local Notifications Watch App */ = {
			isa = PBXNativeTarget;
			buildConfigurationList = D8797D652AFD61670087DB38 /* Build configuration list for PBXNativeTarget "Local Notifications Watch App" */;
			buildPhases = (
				D8797D512AFD61660087DB38 /* Sources */,
				D8797D522AFD61660087DB38 /* Frameworks */,
				D8797D532AFD61660087DB38 /* Resources */,
			);
			buildRules = (
			);
			dependencies = (
			);
			name = "Local Notifications Watch App";
			productName = "Local Notifications Watch App";
			productReference = D8797D552AFD61660087DB38 /* Local Notifications Watch App.app */;
			productType = "com.apple.product-type.application";
		};
/* End PBXNativeTarget section */

/* Begin PBXProject section */
		D8797D3D2AFD61650087DB38 /* Project object */ = {
			isa = PBXProject;
			attributes = {
				BuildIndependentTargetsInParallel = 1;
				LastSwiftUpdateCheck = 1500;
				LastUpgradeCheck = 1500;
				TargetAttributes = {
					D8797D442AFD61650087DB38 = {
						CreatedOnToolsVersion = 15.0;
					};
					D8797D542AFD61660087DB38 = {
						CreatedOnToolsVersion = 15.0;
					};
				};
			};
			buildConfigurationList = D8797D402AFD61650087DB38 /* Build configuration list for PBXProject "Local Notifications" */;
			compatibilityVersion = "Xcode 14.0";
			developmentRegion = en;
			hasScannedForEncodings = 0;
			knownRegions = (
				en,
				Base,
			);
			mainGroup = D8797D3C2AFD61650087DB38;
			productRefGroup = D8797D462AFD61650087DB38 /* Products */;
			projectDirPath = "";
			projectRoot = "";
			targets = (
				D8797D442AFD61650087DB38 /* Local Notifications */,
				D8797D542AFD61660087DB38 /* Local Notifications Watch App */,
			);
		};
/* End PBXProject section */

/* Begin PBXResourcesBuildPhase section */
		D8797D432AFD61650087DB38 /* Resources */ = {
			isa = PBXResourcesBuildPhase;
			buildActionMask = 2147483647;
			files = (
				D8797D502AFD61660087DB38 /* Preview Assets.xcassets in Resources */,
				D8797D4D2AFD61660087DB38 /* Assets.xcassets in Resources */,
			);
			runOnlyForDeploymentPostprocessing = 0;
		};
		D8797D532AFD61660087DB38 /* Resources */ = {
			isa = PBXResourcesBuildPhase;
			buildActionMask = 2147483647;
			files = (
				D8797D622AFD61670087DB38 /* Preview Assets.xcassets in Resources */,
				D8797D5F2AFD61670087DB38 /* Assets.xcassets in Resources */,
			);
			runOnlyForDeploymentPostprocessing = 0;
		};
/* End PBXResourcesBuildPhase section */

/* Begin PBXSourcesBuildPhase section */
		D8797D412AFD61650087DB38 /* Sources */ = {
			isa = PBXSourcesBuildPhase;
			buildActionMask = 2147483647;
			files = (
				D8797D4B2AFD61650087DB38 /* ContentView.swift in Sources */,
				D8797D492AFD61650087DB38 /* Local_NotificationsApp.swift in Sources */,
			);
			runOnlyForDeploymentPostprocessing = 0;
		};
		D8797D512AFD61660087DB38 /* Sources */ = {
			isa = PBXSourcesBuildPhase;
			buildActionMask = 2147483647;
			files = (
				D8797D5D2AFD61660087DB38 /* ContentView.swift in Sources */,
				D8797D5B2AFD61660087DB38 /* Local_NotificationsApp.swift in Sources */,
			);
			runOnlyForDeploymentPostprocessing = 0;
		};
/* End PBXSourcesBuildPhase section */

/* Begin PBXTargetDependency section */
		D8797D582AFD61660087DB38 /* PBXTargetDependency */ = {
			isa = PBXTargetDependency;
			target = D8797D542AFD61660087DB38 /* Local Notifications Watch App */;
			targetProxy = D8797D572AFD61660087DB38 /* PBXContainerItemProxy */;
		};
/* End PBXTargetDependency section */

/* Begin XCBuildConfiguration section */
		D8797D632AFD61670087DB38 /* Debug */ = {
			isa = XCBuildConfiguration;
			buildSettings = {
				ALWAYS_SEARCH_USER_PATHS = NO;
				ASSETCATALOG_COMPILER_GENERATE_SWIFT_ASSET_SYMBOL_EXTENSIONS = YES;
				CLANG_ANALYZER_NONNULL = YES;
				CLANG_ANALYZER_NUMBER_OBJECT_CONVERSION = YES_AGGRESSIVE;
				CLANG_CXX_LANGUAGE_STANDARD = "gnu++20";
				CLANG_ENABLE_MODULES = YES;
				CLANG_ENABLE_OBJC_ARC = YES;
				CLANG_ENABLE_OBJC_WEAK = YES;
				CLANG_WARN_BLOCK_CAPTURE_AUTORELEASING = YES;
				CLANG_WARN_BOOL_CONVERSION = YES;
				CLANG_WARN_COMMA = YES;
				CLANG_WARN_CONSTANT_CONVERSION = YES;
				CLANG_WARN_DEPRECATED_OBJC_IMPLEMENTATIONS = YES;
				CLANG_WARN_DIRECT_OBJC_ISA_USAGE = YES_ERROR;
				CLANG_WARN_DOCUMENTATION_COMMENTS = YES;
				CLANG_WARN_EMPTY_BODY = YES;
				CLANG_WARN_ENUM_CONVERSION = YES;
				CLANG_WARN_INFINITE_RECURSION = YES;
				CLANG_WARN_INT_CONVERSION = YES;
				CLANG_WARN_NON_LITERAL_NULL_CONVERSION = YES;
				CLANG_WARN_OBJC_IMPLICIT_RETAIN_SELF = YES;
				CLANG_WARN_OBJC_LITERAL_CONVERSION = YES;
				CLANG_WARN_OBJC_ROOT_CLASS = YES_ERROR;
				CLANG_WARN_QUOTED_INCLUDE_IN_FRAMEWORK_HEADER = YES;
				CLANG_WARN_RANGE_LOOP_ANALYSIS = YES;
				CLANG_WARN_STRICT_PROTOTYPES = YES;
				CLANG_WARN_SUSPICIOUS_MOVE = YES;
				CLANG_WARN_UNGUARDED_AVAILABILITY = YES_AGGRESSIVE;
				CLANG_WARN_UNREACHABLE_CODE = YES;
				CLANG_WARN__DUPLICATE_METHOD_MATCH = YES;
				COPY_PHASE_STRIP = NO;
				DEBUG_INFORMATION_FORMAT = dwarf;
				ENABLE_STRICT_OBJC_MSGSEND = YES;
				ENABLE_TESTABILITY = YES;
				ENABLE_USER_SCRIPT_SANDBOXING = YES;
				GCC_C_LANGUAGE_STANDARD = gnu17;
				GCC_DYNAMIC_NO_PIC = NO;
				GCC_NO_COMMON_BLOCKS = YES;
				GCC_OPTIMIZATION_LEVEL = 0;
				GCC_PREPROCESSOR_DEFINITIONS = (
					"DEBUG=1",
					"$(inherited)",
				);
				GCC_WARN_64_TO_32_BIT_CONVERSION = YES;
				GCC_WARN_ABOUT_RETURN_TYPE = YES_ERROR;
				GCC_WARN_UNDECLARED_SELECTOR = YES;
				GCC_WARN_UNINITIALIZED_AUTOS = YES_AGGRESSIVE;
				GCC_WARN_UNUSED_FUNCTION = YES;
				GCC_WARN_UNUSED_VARIABLE = YES;
				LOCALIZATION_PREFERS_STRING_CATALOGS = YES;
				MTL_ENABLE_DEBUG_INFO = INCLUDE_SOURCE;
				MTL_FAST_MATH = YES;
				ONLY_ACTIVE_ARCH = YES;
				SWIFT_ACTIVE_COMPILATION_CONDITIONS = "DEBUG $(inherited)";
				SWIFT_OPTIMIZATION_LEVEL = "-Onone";
			};
			name = Debug;
		};
		D8797D642AFD61670087DB38 /* Release */ = {
			isa = XCBuildConfiguration;
			buildSettings = {
				ALWAYS_SEARCH_USER_PATHS = NO;
				ASSETCATALOG_COMPILER_GENERATE_SWIFT_ASSET_SYMBOL_EXTENSIONS = YES;
				CLANG_ANALYZER_NONNULL = YES;
				CLANG_ANALYZER_NUMBER_OBJECT_CONVERSION = YES_AGGRESSIVE;
				CLANG_CXX_LANGUAGE_STANDARD = "gnu++20";
				CLANG_ENABLE_MODULES = YES;
				CLANG_ENABLE_OBJC_ARC = YES;
				CLANG_ENABLE_OBJC_WEAK = YES;
				CLANG_WARN_BLOCK_CAPTURE_AUTORELEASING = YES;
				CLANG_WARN_BOOL_CONVERSION = YES;
				CLANG_WARN_COMMA = YES;
				CLANG_WARN_CONSTANT_CONVERSION = YES;
				CLANG_WARN_DEPRECATED_OBJC_IMPLEMENTATIONS = YES;
				CLANG_WARN_DIRECT_OBJC_ISA_USAGE = YES_ERROR;
				CLANG_WARN_DOCUMENTATION_COMMENTS = YES;
				CLANG_WARN_EMPTY_BODY = YES;
				CLANG_WARN_ENUM_CONVERSION = YES;
				CLANG_WARN_INFINITE_RECURSION = YES;
				CLANG_WARN_INT_CONVERSION = YES;
				CLANG_WARN_NON_LITERAL_NULL_CONVERSION = YES;
				CLANG_WARN_OBJC_IMPLICIT_RETAIN_SELF = YES;
				CLANG_WARN_OBJC_LITERAL_CONVERSION = YES;
				CLANG_WARN_OBJC_ROOT_CLASS = YES_ERROR;
				CLANG_WARN_QUOTED_INCLUDE_IN_FRAMEWORK_HEADER = YES;
				CLANG_WARN_RANGE_LOOP_ANALYSIS = YES;
				CLANG_WARN_STRICT_PROTOTYPES = YES;
				CLANG_WARN_SUSPICIOUS_MOVE = YES;
				CLANG_WARN_UNGUARDED_AVAILABILITY = YES_AGGRESSIVE;
				CLANG_WARN_UNREACHABLE_CODE = YES;
				CLANG_WARN__DUPLICATE_METHOD_MATCH = YES;
				COPY_PHASE_STRIP = NO;
				DEBUG_INFORMATION_FORMAT = "dwarf-with-dsym";
				ENABLE_NS_ASSERTIONS = NO;
				ENABLE_STRICT_OBJC_MSGSEND = YES;
				ENABLE_USER_SCRIPT_SANDBOXING = YES;
				GCC_C_LANGUAGE_STANDARD = gnu17;
				GCC_NO_COMMON_BLOCKS = YES;
				GCC_WARN_64_TO_32_BIT_CONVERSION = YES;
				GCC_WARN_ABOUT_RETURN_TYPE = YES_ERROR;
				GCC_WARN_UNDECLARED_SELECTOR = YES;
				GCC_WARN_UNINITIALIZED_AUTOS = YES_AGGRESSIVE;
				GCC_WARN_UNUSED_FUNCTION = YES;
				GCC_WARN_UNUSED_VARIABLE = YES;
				LOCALIZATION_PREFERS_STRING_CATALOGS = YES;
				MTL_ENABLE_DEBUG_INFO = NO;
				MTL_FAST_MATH = YES;
				SWIFT_COMPILATION_MODE = wholemodule;
			};
			name = Release;
		};
		D8797D662AFD61670087DB38 /* Debug */ = {
			isa = XCBuildConfiguration;
			buildSettings = {
				ASSETCATALOG_COMPILER_APPICON_NAME = AppIcon;
				ASSETCATALOG_COMPILER_GLOBAL_ACCENT_COLOR_NAME = AccentColor;
				CODE_SIGN_STYLE = Automatic;
				CURRENT_PROJECT_VERSION = 1;
				DEVELOPMENT_ASSET_PATHS = "\"Local Notifications Watch App/Preview Content\"";
				DEVELOPMENT_TEAM = MAKN6KVU66;
				ENABLE_PREVIEWS = YES;
				GENERATE_INFOPLIST_FILE = YES;
				INFOPLIST_KEY_CFBundleDisplayName = "Local Notifications";
				INFOPLIST_KEY_UISupportedInterfaceOrientations = "UIInterfaceOrientationPortrait UIInterfaceOrientationPortraitUpsideDown";
				INFOPLIST_KEY_WKCompanionAppBundleIdentifier = "com.foreflight.watch.Local-Notifications";
				LD_RUNPATH_SEARCH_PATHS = (
					"$(inherited)",
					"@executable_path/Frameworks",
				);
				MARKETING_VERSION = 1.0;
				PRODUCT_BUNDLE_IDENTIFIER = "com.foreflight.watch.Local-Notifications.watchkitapp";
				PRODUCT_NAME = "$(TARGET_NAME)";
				SDKROOT = watchos;
				SKIP_INSTALL = YES;
				SWIFT_EMIT_LOC_STRINGS = YES;
				SWIFT_VERSION = 5.0;
				TARGETED_DEVICE_FAMILY = 4;
				WATCHOS_DEPLOYMENT_TARGET = 10.0;
			};
			name = Debug;
		};
		D8797D672AFD61670087DB38 /* Release */ = {
			isa = XCBuildConfiguration;
			buildSettings = {
				ASSETCATALOG_COMPILER_APPICON_NAME = AppIcon;
				ASSETCATALOG_COMPILER_GLOBAL_ACCENT_COLOR_NAME = AccentColor;
				CODE_SIGN_STYLE = Automatic;
				CURRENT_PROJECT_VERSION = 1;
				DEVELOPMENT_ASSET_PATHS = "\"Local Notifications Watch App/Preview Content\"";
				DEVELOPMENT_TEAM = MAKN6KVU66;
				ENABLE_PREVIEWS = YES;
				GENERATE_INFOPLIST_FILE = YES;
				INFOPLIST_KEY_CFBundleDisplayName = "Local Notifications";
				INFOPLIST_KEY_UISupportedInterfaceOrientations = "UIInterfaceOrientationPortrait UIInterfaceOrientationPortraitUpsideDown";
				INFOPLIST_KEY_WKCompanionAppBundleIdentifier = "com.foreflight.watch.Local-Notifications";
				LD_RUNPATH_SEARCH_PATHS = (
					"$(inherited)",
					"@executable_path/Frameworks",
				);
				MARKETING_VERSION = 1.0;
				PRODUCT_BUNDLE_IDENTIFIER = "com.foreflight.watch.Local-Notifications.watchkitapp";
				PRODUCT_NAME = "$(TARGET_NAME)";
				SDKROOT = watchos;
				SKIP_INSTALL = YES;
				SWIFT_EMIT_LOC_STRINGS = YES;
				SWIFT_VERSION = 5.0;
				TARGETED_DEVICE_FAMILY = 4;
				VALIDATE_PRODUCT = YES;
				WATCHOS_DEPLOYMENT_TARGET = 10.0;
			};
			name = Release;
		};
		D8797D6A2AFD61670087DB38 /* Debug */ = {
			isa = XCBuildConfiguration;
			buildSettings = {
				ALWAYS_EMBED_SWIFT_STANDARD_LIBRARIES = YES;
				ASSETCATALOG_COMPILER_APPICON_NAME = AppIcon;
				ASSETCATALOG_COMPILER_GLOBAL_ACCENT_COLOR_NAME = AccentColor;
				CODE_SIGN_STYLE = Automatic;
				CURRENT_PROJECT_VERSION = 1;
				DEVELOPMENT_ASSET_PATHS = "\"Local Notifications/Preview Content\"";
				DEVELOPMENT_TEAM = MAKN6KVU66;
				ENABLE_PREVIEWS = YES;
				GENERATE_INFOPLIST_FILE = YES;
				INFOPLIST_KEY_CFBundleDisplayName = "Local Notifications";
				INFOPLIST_KEY_UIApplicationSceneManifest_Generation = YES;
				INFOPLIST_KEY_UIApplicationSupportsIndirectInputEvents = YES;
				INFOPLIST_KEY_UILaunchScreen_Generation = YES;
				INFOPLIST_KEY_UISupportedInterfaceOrientations_iPad = "UIInterfaceOrientationPortrait UIInterfaceOrientationPortraitUpsideDown UIInterfaceOrientationLandscapeLeft UIInterfaceOrientationLandscapeRight";
				INFOPLIST_KEY_UISupportedInterfaceOrientations_iPhone = "UIInterfaceOrientationPortrait UIInterfaceOrientationLandscapeLeft UIInterfaceOrientationLandscapeRight";
				IPHONEOS_DEPLOYMENT_TARGET = 17.0;
				LD_RUNPATH_SEARCH_PATHS = (
					"$(inherited)",
					"@executable_path/Frameworks",
				);
				MARKETING_VERSION = 1.0;
				PRODUCT_BUNDLE_IDENTIFIER = "com.foreflight.watch.Local-Notifications";
				PRODUCT_NAME = "$(TARGET_NAME)";
				SDKROOT = iphoneos;
				SWIFT_EMIT_LOC_STRINGS = YES;
				SWIFT_VERSION = 5.0;
				TARGETED_DEVICE_FAMILY = "1,2";
			};
			name = Debug;
		};
		D8797D6B2AFD61670087DB38 /* Release */ = {
			isa = XCBuildConfiguration;
			buildSettings = {
				ALWAYS_EMBED_SWIFT_STANDARD_LIBRARIES = YES;
				ASSETCATALOG_COMPILER_APPICON_NAME = AppIcon;
				ASSETCATALOG_COMPILER_GLOBAL_ACCENT_COLOR_NAME = AccentColor;
				CODE_SIGN_STYLE = Automatic;
				CURRENT_PROJECT_VERSION = 1;
				DEVELOPMENT_ASSET_PATHS = "\"Local Notifications/Preview Content\"";
				DEVELOPMENT_TEAM = MAKN6KVU66;
				ENABLE_PREVIEWS = YES;
				GENERATE_INFOPLIST_FILE = YES;
				INFOPLIST_KEY_CFBundleDisplayName = "Local Notifications";
				INFOPLIST_KEY_UIApplicationSceneManifest_Generation = YES;
				INFOPLIST_KEY_UIApplicationSupportsIndirectInputEvents = YES;
				INFOPLIST_KEY_UILaunchScreen_Generation = YES;
				INFOPLIST_KEY_UISupportedInterfaceOrientations_iPad = "UIInterfaceOrientationPortrait UIInterfaceOrientationPortraitUpsideDown UIInterfaceOrientationLandscapeLeft UIInterfaceOrientationLandscapeRight";
				INFOPLIST_KEY_UISupportedInterfaceOrientations_iPhone = "UIInterfaceOrientationPortrait UIInterfaceOrientationLandscapeLeft UIInterfaceOrientationLandscapeRight";
				IPHONEOS_DEPLOYMENT_TARGET = 17.0;
				LD_RUNPATH_SEARCH_PATHS = (
					"$(inherited)",
					"@executable_path/Frameworks",
				);
				MARKETING_VERSION = 1.0;
				PRODUCT_BUNDLE_IDENTIFIER = "com.foreflight.watch.Local-Notifications";
				PRODUCT_NAME = "$(TARGET_NAME)";
				SDKROOT = iphoneos;
				SWIFT_EMIT_LOC_STRINGS = YES;
				SWIFT_VERSION = 5.0;
				TARGETED_DEVICE_FAMILY = "1,2";
				VALIDATE_PRODUCT = YES;
			};
			name = Release;
		};
/* End XCBuildConfiguration section */

/* Begin XCConfigurationList section */
		D8797D402AFD61650087DB38 /* Build configuration list for PBXProject "Local Notifications" */ = {
			isa = XCConfigurationList;
			buildConfigurations = (
				D8797D632AFD61670087DB38 /* Debug */,
				D8797D642AFD61670087DB38 /* Release */,
			);
			defaultConfigurationIsVisible = 0;
			defaultConfigurationName = Release;
		};
		D8797D652AFD61670087DB38 /* Build configuration list for PBXNativeTarget "Local Notifications Watch App" */ = {
			isa = XCConfigurationList;
			buildConfigurations = (
				D8797D662AFD61670087DB38 /* Debug */,
				D8797D672AFD61670087DB38 /* Release */,
			);
			defaultConfigurationIsVisible = 0;
			defaultConfigurationName = Release;
		};
		D8797D692AFD61670087DB38 /* Build configuration list for PBXNativeTarget "Local Notifications" */ = {
			isa = XCConfigurationList;
			buildConfigurations = (
				D8797D6A2AFD61670087DB38 /* Debug */,
				D8797D6B2AFD61670087DB38 /* Release */,
			);
			defaultConfigurationIsVisible = 0;
			defaultConfigurationName = Release;
		};
/* End XCConfigurationList section */
	};
	rootObject = D8797D3D2AFD61650087DB38 /* Project object */;
}
